// !$*UTF8*$!
{
	archiveVersion = 1;
	classes = {
	};
	objectVersion = 56;
	objects = {

/* Begin PBXBuildFile section */
		7C667E4C2B484E4300C89438 /* FlashscoreWatchAppApp.swift in Sources */ = {isa = PBXBuildFile; fileRef = 7C9941572B4827FD005EE3E3 /* FlashscoreWatchAppApp.swift */; };
		7C667E4E2B484EA100C89438 /* NotificationView1.swift in Sources */ = {isa = PBXBuildFile; fileRef = 7C667E4D2B484EA100C89438 /* NotificationView1.swift */; };
		7C667E502B484ED100C89438 /* NotificationController1.swift in Sources */ = {isa = PBXBuildFile; fileRef = 7C667E4F2B484ED100C89438 /* NotificationController1.swift */; };
		7C667E522B4851B400C89438 /* NotificationController3.swift in Sources */ = {isa = PBXBuildFile; fileRef = 7C667E512B4851B400C89438 /* NotificationController3.swift */; };
		7C667E542B4851BC00C89438 /* NotificationController2.swift in Sources */ = {isa = PBXBuildFile; fileRef = 7C667E532B4851BC00C89438 /* NotificationController2.swift */; };
		7C667E562B48520100C89438 /* NotificationView3.swift in Sources */ = {isa = PBXBuildFile; fileRef = 7C667E552B48520100C89438 /* NotificationView3.swift */; };
		7C667E582B48520600C89438 /* NotificationView2.swift in Sources */ = {isa = PBXBuildFile; fileRef = 7C667E572B48520600C89438 /* NotificationView2.swift */; };
		7C667E5C2B48565100C89438 /* HomeView.swift in Sources */ = {isa = PBXBuildFile; fileRef = 7C667E5B2B48565100C89438 /* HomeView.swift */; };
		7C667E612B4856FC00C89438 /* MatchDetailView.swift in Sources */ = {isa = PBXBuildFile; fileRef = 7C667E602B4856FC00C89438 /* MatchDetailView.swift */; };
		7C667E632B4857D500C89438 /* DetailView.swift in Sources */ = {isa = PBXBuildFile; fileRef = 7C667E622B4857D500C89438 /* DetailView.swift */; };
		7C667E652B4857EB00C89438 /* NewsView.swift in Sources */ = {isa = PBXBuildFile; fileRef = 7C667E642B4857EB00C89438 /* NewsView.swift */; };
		7C667E6B2B48793400C89438 /* NotificationModel+Aps.swift in Sources */ = {isa = PBXBuildFile; fileRef = 7C667E6A2B48793400C89438 /* NotificationModel+Aps.swift */; };
		7C667E6D2B4881A700C89438 /* NotificationModel.swift in Sources */ = {isa = PBXBuildFile; fileRef = 7C667E6C2B4881A700C89438 /* NotificationModel.swift */; };
		7C667E702B48823B00C89438 /* NotificationModel+Alert.swift in Sources */ = {isa = PBXBuildFile; fileRef = 7C667E6F2B48823B00C89438 /* NotificationModel+Alert.swift */; };
		7C667E722B48826800C89438 /* NotificationModel+General1.swift in Sources */ = {isa = PBXBuildFile; fileRef = 7C667E712B48826800C89438 /* NotificationModel+General1.swift */; };
		7C667E742B4882BC00C89438 /* NotificationModel+General2.swift in Sources */ = {isa = PBXBuildFile; fileRef = 7C667E732B4882BC00C89438 /* NotificationModel+General2.swift */; };
		7C667E762B4882DB00C89438 /* NotificationModel+General3.swift in Sources */ = {isa = PBXBuildFile; fileRef = 7C667E752B4882DB00C89438 /* NotificationModel+General3.swift */; };
		7C667E7B2B4885D000C89438 /* FavoritesView.swift in Sources */ = {isa = PBXBuildFile; fileRef = 7C667E7A2B4885D000C89438 /* FavoritesView.swift */; };
		7C667E7D2B48861E00C89438 /* SettingsView.swift in Sources */ = {isa = PBXBuildFile; fileRef = 7C667E7C2B48861E00C89438 /* SettingsView.swift */; };
		7C667E7F2B48862F00C89438 /* TopNewsView.swift in Sources */ = {isa = PBXBuildFile; fileRef = 7C667E7E2B48862F00C89438 /* TopNewsView.swift */; };
		7C9941582B4827FD005EE3E3 /* FlashscoreWatchAppApp.swift in Sources */ = {isa = PBXBuildFile; fileRef = 7C9941572B4827FD005EE3E3 /* FlashscoreWatchAppApp.swift */; };
		7C99415A2B4827FD005EE3E3 /* ContentView.swift in Sources */ = {isa = PBXBuildFile; fileRef = 7C9941592B4827FD005EE3E3 /* ContentView.swift */; };
		7C99415C2B4827FE005EE3E3 /* Assets.xcassets in Resources */ = {isa = PBXBuildFile; fileRef = 7C99415B2B4827FE005EE3E3 /* Assets.xcassets */; };
		7C99415F2B4827FE005EE3E3 /* Preview Assets.xcassets in Resources */ = {isa = PBXBuildFile; fileRef = 7C99415E2B4827FE005EE3E3 /* Preview Assets.xcassets */; };
		7C9941652B4827FE005EE3E3 /* FlashscoreWatchApp Watch App.app in Embed Watch Content */ = {isa = PBXBuildFile; fileRef = 7C9941642B4827FE005EE3E3 /* FlashscoreWatchApp Watch App.app */; settings = {ATTRIBUTES = (RemoveHeadersOnCopy, ); }; };
		7C99416C2B4827FE005EE3E3 /* ContentView.swift in Sources */ = {isa = PBXBuildFile; fileRef = 7C99416B2B4827FE005EE3E3 /* ContentView.swift */; };
		7C99416E2B4827FF005EE3E3 /* Assets.xcassets in Resources */ = {isa = PBXBuildFile; fileRef = 7C99416D2B4827FF005EE3E3 /* Assets.xcassets */; };
		7C9941712B4827FF005EE3E3 /* Preview Assets.xcassets in Resources */ = {isa = PBXBuildFile; fileRef = 7C9941702B4827FF005EE3E3 /* Preview Assets.xcassets */; };
/* End PBXBuildFile section */

/* Begin PBXContainerItemProxy section */
		7C9941662B4827FE005EE3E3 /* PBXContainerItemProxy */ = {
			isa = PBXContainerItemProxy;
			containerPortal = 7C99414C2B4827FD005EE3E3 /* Project object */;
			proxyType = 1;
			remoteGlobalIDString = 7C9941632B4827FE005EE3E3;
			remoteInfo = "FlashscoreWatchApp Watch App";
		};
/* End PBXContainerItemProxy section */

/* Begin PBXCopyFilesBuildPhase section */
		7C9941772B4827FF005EE3E3 /* Embed Watch Content */ = {
			isa = PBXCopyFilesBuildPhase;
			buildActionMask = 2147483647;
			dstPath = "$(CONTENTS_FOLDER_PATH)/Watch";
			dstSubfolderSpec = 16;
			files = (
				7C9941652B4827FE005EE3E3 /* FlashscoreWatchApp Watch App.app in Embed Watch Content */,
			);
			name = "Embed Watch Content";
			runOnlyForDeploymentPostprocessing = 0;
		};
		7C99418A2B482ADC005EE3E3 /* Embed Foundation Extensions */ = {
			isa = PBXCopyFilesBuildPhase;
			buildActionMask = 2147483647;
			dstPath = "";
			dstSubfolderSpec = 13;
			files = (
			);
			name = "Embed Foundation Extensions";
			runOnlyForDeploymentPostprocessing = 0;
		};
/* End PBXCopyFilesBuildPhase section */

/* Begin PBXFileReference section */
		7C667E4D2B484EA100C89438 /* NotificationView1.swift */ = {isa = PBXFileReference; lastKnownFileType = sourcecode.swift; path = NotificationView1.swift; sourceTree = "<group>"; };
		7C667E4F2B484ED100C89438 /* NotificationController1.swift */ = {isa = PBXFileReference; fileEncoding = 4; lastKnownFileType = sourcecode.swift; path = NotificationController1.swift; sourceTree = "<group>"; };
		7C667E512B4851B400C89438 /* NotificationController3.swift */ = {isa = PBXFileReference; lastKnownFileType = sourcecode.swift; path = NotificationController3.swift; sourceTree = "<group>"; };
		7C667E532B4851BC00C89438 /* NotificationController2.swift */ = {isa = PBXFileReference; lastKnownFileType = sourcecode.swift; path = NotificationController2.swift; sourceTree = "<group>"; };
		7C667E552B48520100C89438 /* NotificationView3.swift */ = {isa = PBXFileReference; lastKnownFileType = sourcecode.swift; path = NotificationView3.swift; sourceTree = "<group>"; };
		7C667E572B48520600C89438 /* NotificationView2.swift */ = {isa = PBXFileReference; lastKnownFileType = sourcecode.swift; path = NotificationView2.swift; sourceTree = "<group>"; };
		7C667E592B48532300C89438 /* PushNotificationPayload2.apns */ = {isa = PBXFileReference; lastKnownFileType = text; path = PushNotificationPayload2.apns; sourceTree = "<group>"; };
		7C667E5A2B48533100C89438 /* PushNotificationPayload3.apns */ = {isa = PBXFileReference; lastKnownFileType = text; path = PushNotificationPayload3.apns; sourceTree = "<group>"; };
		7C667E5B2B48565100C89438 /* HomeView.swift */ = {isa = PBXFileReference; lastKnownFileType = sourcecode.swift; path = HomeView.swift; sourceTree = "<group>"; };
		7C667E602B4856FC00C89438 /* MatchDetailView.swift */ = {isa = PBXFileReference; lastKnownFileType = sourcecode.swift; path = MatchDetailView.swift; sourceTree = "<group>"; };
		7C667E622B4857D500C89438 /* DetailView.swift */ = {isa = PBXFileReference; lastKnownFileType = sourcecode.swift; path = DetailView.swift; sourceTree = "<group>"; };
		7C667E642B4857EB00C89438 /* NewsView.swift */ = {isa = PBXFileReference; lastKnownFileType = sourcecode.swift; path = NewsView.swift; sourceTree = "<group>"; };
		7C667E6A2B48793400C89438 /* NotificationModel+Aps.swift */ = {isa = PBXFileReference; lastKnownFileType = sourcecode.swift; path = "NotificationModel+Aps.swift"; sourceTree = "<group>"; };
		7C667E6C2B4881A700C89438 /* NotificationModel.swift */ = {isa = PBXFileReference; lastKnownFileType = sourcecode.swift; path = NotificationModel.swift; sourceTree = "<group>"; };
		7C667E6F2B48823B00C89438 /* NotificationModel+Alert.swift */ = {isa = PBXFileReference; lastKnownFileType = sourcecode.swift; path = "NotificationModel+Alert.swift"; sourceTree = "<group>"; };
		7C667E712B48826800C89438 /* NotificationModel+General1.swift */ = {isa = PBXFileReference; lastKnownFileType = sourcecode.swift; path = "NotificationModel+General1.swift"; sourceTree = "<group>"; };
		7C667E732B4882BC00C89438 /* NotificationModel+General2.swift */ = {isa = PBXFileReference; lastKnownFileType = sourcecode.swift; path = "NotificationModel+General2.swift"; sourceTree = "<group>"; };
		7C667E752B4882DB00C89438 /* NotificationModel+General3.swift */ = {isa = PBXFileReference; lastKnownFileType = sourcecode.swift; path = "NotificationModel+General3.swift"; sourceTree = "<group>"; };
		7C667E7A2B4885D000C89438 /* FavoritesView.swift */ = {isa = PBXFileReference; lastKnownFileType = sourcecode.swift; path = FavoritesView.swift; sourceTree = "<group>"; };
		7C667E7C2B48861E00C89438 /* SettingsView.swift */ = {isa = PBXFileReference; lastKnownFileType = sourcecode.swift; path = SettingsView.swift; sourceTree = "<group>"; };
		7C667E7E2B48862F00C89438 /* TopNewsView.swift */ = {isa = PBXFileReference; lastKnownFileType = sourcecode.swift; path = TopNewsView.swift; sourceTree = "<group>"; };
		7C9941542B4827FD005EE3E3 /* FlashscoreWatchApp.app */ = {isa = PBXFileReference; explicitFileType = wrapper.application; includeInIndex = 0; path = FlashscoreWatchApp.app; sourceTree = BUILT_PRODUCTS_DIR; };
		7C9941572B4827FD005EE3E3 /* FlashscoreWatchAppApp.swift */ = {isa = PBXFileReference; lastKnownFileType = sourcecode.swift; path = FlashscoreWatchAppApp.swift; sourceTree = "<group>"; };
		7C9941592B4827FD005EE3E3 /* ContentView.swift */ = {isa = PBXFileReference; lastKnownFileType = sourcecode.swift; path = ContentView.swift; sourceTree = "<group>"; };
		7C99415B2B4827FE005EE3E3 /* Assets.xcassets */ = {isa = PBXFileReference; lastKnownFileType = folder.assetcatalog; path = Assets.xcassets; sourceTree = "<group>"; };
		7C99415E2B4827FE005EE3E3 /* Preview Assets.xcassets */ = {isa = PBXFileReference; lastKnownFileType = folder.assetcatalog; path = "Preview Assets.xcassets"; sourceTree = "<group>"; };
		7C9941642B4827FE005EE3E3 /* FlashscoreWatchApp Watch App.app */ = {isa = PBXFileReference; explicitFileType = wrapper.application; includeInIndex = 0; path = "FlashscoreWatchApp Watch App.app"; sourceTree = BUILT_PRODUCTS_DIR; };
		7C99416B2B4827FE005EE3E3 /* ContentView.swift */ = {isa = PBXFileReference; lastKnownFileType = sourcecode.swift; path = ContentView.swift; sourceTree = "<group>"; };
		7C99416D2B4827FF005EE3E3 /* Assets.xcassets */ = {isa = PBXFileReference; lastKnownFileType = folder.assetcatalog; path = Assets.xcassets; sourceTree = "<group>"; };
		7C9941702B4827FF005EE3E3 /* Preview Assets.xcassets */ = {isa = PBXFileReference; lastKnownFileType = folder.assetcatalog; path = "Preview Assets.xcassets"; sourceTree = "<group>"; };
		7C99418F2B48327A005EE3E3 /* PushNotificationPayload1.apns */ = {isa = PBXFileReference; lastKnownFileType = text; path = PushNotificationPayload1.apns; sourceTree = "<group>"; };
/* End PBXFileReference section */

/* Begin PBXFrameworksBuildPhase section */
		7C9941512B4827FD005EE3E3 /* Frameworks */ = {
			isa = PBXFrameworksBuildPhase;
			buildActionMask = 2147483647;
			files = (
			);
			runOnlyForDeploymentPostprocessing = 0;
		};
		7C9941612B4827FE005EE3E3 /* Frameworks */ = {
			isa = PBXFrameworksBuildPhase;
			buildActionMask = 2147483647;
			files = (
			);
			runOnlyForDeploymentPostprocessing = 0;
		};
/* End PBXFrameworksBuildPhase section */

/* Begin PBXGroup section */
		7C667E5D2B48566300C89438 /* NotificationType1 */ = {
			isa = PBXGroup;
			children = (
				7C667E4D2B484EA100C89438 /* NotificationView1.swift */,
				7C667E4F2B484ED100C89438 /* NotificationController1.swift */,
				7C99418F2B48327A005EE3E3 /* PushNotificationPayload1.apns */,
			);
			path = NotificationType1;
			sourceTree = "<group>";
		};
		7C667E5E2B48567300C89438 /* NotificationType2 */ = {
			isa = PBXGroup;
			children = (
				7C667E572B48520600C89438 /* NotificationView2.swift */,
				7C667E532B4851BC00C89438 /* NotificationController2.swift */,
				7C667E592B48532300C89438 /* PushNotificationPayload2.apns */,
			);
			path = NotificationType2;
			sourceTree = "<group>";
		};
		7C667E5F2B48568600C89438 /* NotificationType3 */ = {
			isa = PBXGroup;
			children = (
				7C667E552B48520100C89438 /* NotificationView3.swift */,
				7C667E512B4851B400C89438 /* NotificationController3.swift */,
				7C667E5A2B48533100C89438 /* PushNotificationPayload3.apns */,
			);
			path = NotificationType3;
			sourceTree = "<group>";
		};
		7C667E6E2B48822100C89438 /* Models */ = {
			isa = PBXGroup;
			children = (
				7C667E6C2B4881A700C89438 /* NotificationModel.swift */,
				7C667E6A2B48793400C89438 /* NotificationModel+Aps.swift */,
				7C667E6F2B48823B00C89438 /* NotificationModel+Alert.swift */,
				7C667E712B48826800C89438 /* NotificationModel+General1.swift */,
				7C667E732B4882BC00C89438 /* NotificationModel+General2.swift */,
				7C667E752B4882DB00C89438 /* NotificationModel+General3.swift */,
			);
			path = Models;
			sourceTree = "<group>";
		};
		7C667E772B48853400C89438 /* Views */ = {
			isa = PBXGroup;
			children = (
				7C99416B2B4827FE005EE3E3 /* ContentView.swift */,
				7C667E782B48854700C89438 /* Home */,
				7C667E792B48855700C89438 /* Detail */,
				7C667E602B4856FC00C89438 /* MatchDetailView.swift */,
				7C667E622B4857D500C89438 /* DetailView.swift */,
				7C667E642B4857EB00C89438 /* NewsView.swift */,
			);
			path = Views;
			sourceTree = "<group>";
		};
		7C667E782B48854700C89438 /* Home */ = {
			isa = PBXGroup;
			children = (
				7C667E5B2B48565100C89438 /* HomeView.swift */,
				7C667E7A2B4885D000C89438 /* FavoritesView.swift */,
				7C667E7C2B48861E00C89438 /* SettingsView.swift */,
				7C667E7E2B48862F00C89438 /* TopNewsView.swift */,
			);
			path = Home;
			sourceTree = "<group>";
		};
		7C667E792B48855700C89438 /* Detail */ = {
			isa = PBXGroup;
			children = (
			);
			path = Detail;
			sourceTree = "<group>";
		};
		7C99414B2B4827FD005EE3E3 = {
			isa = PBXGroup;
			children = (
				7C9941562B4827FD005EE3E3 /* FlashscoreWatchApp */,
				7C9941682B4827FE005EE3E3 /* FlashscoreWatchApp Watch App */,
				7C9941552B4827FD005EE3E3 /* Products */,
			);
			sourceTree = "<group>";
		};
		7C9941552B4827FD005EE3E3 /* Products */ = {
			isa = PBXGroup;
			children = (
				7C9941542B4827FD005EE3E3 /* FlashscoreWatchApp.app */,
				7C9941642B4827FE005EE3E3 /* FlashscoreWatchApp Watch App.app */,
			);
			name = Products;
			sourceTree = "<group>";
		};
		7C9941562B4827FD005EE3E3 /* FlashscoreWatchApp */ = {
			isa = PBXGroup;
			children = (
				7C9941592B4827FD005EE3E3 /* ContentView.swift */,
				7C9941572B4827FD005EE3E3 /* FlashscoreWatchAppApp.swift */,
				7C99415B2B4827FE005EE3E3 /* Assets.xcassets */,
				7C99415D2B4827FE005EE3E3 /* Preview Content */,
			);
			path = FlashscoreWatchApp;
			sourceTree = "<group>";
		};
		7C99415D2B4827FE005EE3E3 /* Preview Content */ = {
			isa = PBXGroup;
			children = (
				7C99415E2B4827FE005EE3E3 /* Preview Assets.xcassets */,
			);
			path = "Preview Content";
			sourceTree = "<group>";
		};
		7C9941682B4827FE005EE3E3 /* FlashscoreWatchApp Watch App */ = {
			isa = PBXGroup;
			children = (
				7C667E772B48853400C89438 /* Views */,
				7C667E6E2B48822100C89438 /* Models */,
				7C667E5D2B48566300C89438 /* NotificationType1 */,
				7C667E5E2B48567300C89438 /* NotificationType2 */,
				7C667E5F2B48568600C89438 /* NotificationType3 */,
				7C99416D2B4827FF005EE3E3 /* Assets.xcassets */,
				7C99416F2B4827FF005EE3E3 /* Preview Content */,
			);
			path = "FlashscoreWatchApp Watch App";
			sourceTree = "<group>";
		};
		7C99416F2B4827FF005EE3E3 /* Preview Content */ = {
			isa = PBXGroup;
			children = (
				7C9941702B4827FF005EE3E3 /* Preview Assets.xcassets */,
			);
			path = "Preview Content";
			sourceTree = "<group>";
		};
/* End PBXGroup section */

/* Begin PBXNativeTarget section */
		7C9941532B4827FD005EE3E3 /* FlashscoreWatchApp */ = {
			isa = PBXNativeTarget;
			buildConfigurationList = 7C9941782B4827FF005EE3E3 /* Build configuration list for PBXNativeTarget "FlashscoreWatchApp" */;
			buildPhases = (
				7C9941502B4827FD005EE3E3 /* Sources */,
				7C9941512B4827FD005EE3E3 /* Frameworks */,
				7C9941522B4827FD005EE3E3 /* Resources */,
				7C9941772B4827FF005EE3E3 /* Embed Watch Content */,
			);
			buildRules = (
			);
			dependencies = (
				7C9941672B4827FE005EE3E3 /* PBXTargetDependency */,
			);
			name = FlashscoreWatchApp;
			productName = FlashscoreWatchApp;
			productReference = 7C9941542B4827FD005EE3E3 /* FlashscoreWatchApp.app */;
			productType = "com.apple.product-type.application";
		};
		7C9941632B4827FE005EE3E3 /* FlashscoreWatchApp Watch App */ = {
			isa = PBXNativeTarget;
			buildConfigurationList = 7C9941742B4827FF005EE3E3 /* Build configuration list for PBXNativeTarget "FlashscoreWatchApp Watch App" */;
			buildPhases = (
				7C9941602B4827FE005EE3E3 /* Sources */,
				7C9941612B4827FE005EE3E3 /* Frameworks */,
				7C9941622B4827FE005EE3E3 /* Resources */,
				7C99418A2B482ADC005EE3E3 /* Embed Foundation Extensions */,
			);
			buildRules = (
			);
			dependencies = (
			);
			name = "FlashscoreWatchApp Watch App";
			productName = "FlashscoreWatchApp Watch App";
			productReference = 7C9941642B4827FE005EE3E3 /* FlashscoreWatchApp Watch App.app */;
			productType = "com.apple.product-type.application";
		};
/* End PBXNativeTarget section */

/* Begin PBXProject section */
		7C99414C2B4827FD005EE3E3 /* Project object */ = {
			isa = PBXProject;
			attributes = {
				BuildIndependentTargetsInParallel = 1;
				LastSwiftUpdateCheck = 1510;
				LastUpgradeCheck = 1510;
				TargetAttributes = {
					7C9941532B4827FD005EE3E3 = {
						CreatedOnToolsVersion = 15.1;
					};
					7C9941632B4827FE005EE3E3 = {
						CreatedOnToolsVersion = 15.1;
					};
				};
			};
			buildConfigurationList = 7C99414F2B4827FD005EE3E3 /* Build configuration list for PBXProject "FlashscoreWatchApp" */;
			compatibilityVersion = "Xcode 14.0";
			developmentRegion = en;
			hasScannedForEncodings = 0;
			knownRegions = (
				en,
				Base,
			);
			mainGroup = 7C99414B2B4827FD005EE3E3;
			productRefGroup = 7C9941552B4827FD005EE3E3 /* Products */;
			projectDirPath = "";
			projectRoot = "";
			targets = (
				7C9941532B4827FD005EE3E3 /* FlashscoreWatchApp */,
				7C9941632B4827FE005EE3E3 /* FlashscoreWatchApp Watch App */,
			);
		};
/* End PBXProject section */

/* Begin PBXResourcesBuildPhase section */
		7C9941522B4827FD005EE3E3 /* Resources */ = {
			isa = PBXResourcesBuildPhase;
			buildActionMask = 2147483647;
			files = (
				7C99415F2B4827FE005EE3E3 /* Preview Assets.xcassets in Resources */,
				7C99415C2B4827FE005EE3E3 /* Assets.xcassets in Resources */,
			);
			runOnlyForDeploymentPostprocessing = 0;
		};
		7C9941622B4827FE005EE3E3 /* Resources */ = {
			isa = PBXResourcesBuildPhase;
			buildActionMask = 2147483647;
			files = (
				7C9941712B4827FF005EE3E3 /* Preview Assets.xcassets in Resources */,
				7C99416E2B4827FF005EE3E3 /* Assets.xcassets in Resources */,
			);
			runOnlyForDeploymentPostprocessing = 0;
		};
/* End PBXResourcesBuildPhase section */

/* Begin PBXSourcesBuildPhase section */
		7C9941502B4827FD005EE3E3 /* Sources */ = {
			isa = PBXSourcesBuildPhase;
			buildActionMask = 2147483647;
			files = (
				7C99415A2B4827FD005EE3E3 /* ContentView.swift in Sources */,
				7C9941582B4827FD005EE3E3 /* FlashscoreWatchAppApp.swift in Sources */,
			);
			runOnlyForDeploymentPostprocessing = 0;
		};
		7C9941602B4827FE005EE3E3 /* Sources */ = {
			isa = PBXSourcesBuildPhase;
			buildActionMask = 2147483647;
			files = (
				7C667E582B48520600C89438 /* NotificationView2.swift in Sources */,
				7C667E7B2B4885D000C89438 /* FavoritesView.swift in Sources */,
				7C667E5C2B48565100C89438 /* HomeView.swift in Sources */,
				7C99416C2B4827FE005EE3E3 /* ContentView.swift in Sources */,
				7C667E702B48823B00C89438 /* NotificationModel+Alert.swift in Sources */,
				7C667E7D2B48861E00C89438 /* SettingsView.swift in Sources */,
				7C667E6D2B4881A700C89438 /* NotificationModel.swift in Sources */,
				7C667E7F2B48862F00C89438 /* TopNewsView.swift in Sources */,
				7C667E742B4882BC00C89438 /* NotificationModel+General2.swift in Sources */,
				7C667E632B4857D500C89438 /* DetailView.swift in Sources */,
				7C667E762B4882DB00C89438 /* NotificationModel+General3.swift in Sources */,
				7C667E6B2B48793400C89438 /* NotificationModel+Aps.swift in Sources */,
				7C667E542B4851BC00C89438 /* NotificationController2.swift in Sources */,
				7C667E522B4851B400C89438 /* NotificationController3.swift in Sources */,
				7C667E4E2B484EA100C89438 /* NotificationView1.swift in Sources */,
				7C667E722B48826800C89438 /* NotificationModel+General1.swift in Sources */,
				7C667E502B484ED100C89438 /* NotificationController1.swift in Sources */,
				7C667E612B4856FC00C89438 /* MatchDetailView.swift in Sources */,
				7C667E652B4857EB00C89438 /* NewsView.swift in Sources */,
				7C667E4C2B484E4300C89438 /* FlashscoreWatchAppApp.swift in Sources */,
				7C667E562B48520100C89438 /* NotificationView3.swift in Sources */,
			);
			runOnlyForDeploymentPostprocessing = 0;
		};
/* End PBXSourcesBuildPhase section */

/* Begin PBXTargetDependency section */
		7C9941672B4827FE005EE3E3 /* PBXTargetDependency */ = {
			isa = PBXTargetDependency;
			target = 7C9941632B4827FE005EE3E3 /* FlashscoreWatchApp Watch App */;
			targetProxy = 7C9941662B4827FE005EE3E3 /* PBXContainerItemProxy */;
		};
/* End PBXTargetDependency section */

/* Begin XCBuildConfiguration section */
		7C9941722B4827FF005EE3E3 /* Debug */ = {
			isa = XCBuildConfiguration;
			buildSettings = {
				ALWAYS_SEARCH_USER_PATHS = NO;
				ASSETCATALOG_COMPILER_GENERATE_SWIFT_ASSET_SYMBOL_EXTENSIONS = YES;
				CLANG_ANALYZER_NONNULL = YES;
				CLANG_ANALYZER_NUMBER_OBJECT_CONVERSION = YES_AGGRESSIVE;
				CLANG_CXX_LANGUAGE_STANDARD = "gnu++20";
				CLANG_ENABLE_MODULES = YES;
				CLANG_ENABLE_OBJC_ARC = YES;
				CLANG_ENABLE_OBJC_WEAK = YES;
				CLANG_WARN_BLOCK_CAPTURE_AUTORELEASING = YES;
				CLANG_WARN_BOOL_CONVERSION = YES;
				CLANG_WARN_COMMA = YES;
				CLANG_WARN_CONSTANT_CONVERSION = YES;
				CLANG_WARN_DEPRECATED_OBJC_IMPLEMENTATIONS = YES;
				CLANG_WARN_DIRECT_OBJC_ISA_USAGE = YES_ERROR;
				CLANG_WARN_DOCUMENTATION_COMMENTS = YES;
				CLANG_WARN_EMPTY_BODY = YES;
				CLANG_WARN_ENUM_CONVERSION = YES;
				CLANG_WARN_INFINITE_RECURSION = YES;
				CLANG_WARN_INT_CONVERSION = YES;
				CLANG_WARN_NON_LITERAL_NULL_CONVERSION = YES;
				CLANG_WARN_OBJC_IMPLICIT_RETAIN_SELF = YES;
				CLANG_WARN_OBJC_LITERAL_CONVERSION = YES;
				CLANG_WARN_OBJC_ROOT_CLASS = YES_ERROR;
				CLANG_WARN_QUOTED_INCLUDE_IN_FRAMEWORK_HEADER = YES;
				CLANG_WARN_RANGE_LOOP_ANALYSIS = YES;
				CLANG_WARN_STRICT_PROTOTYPES = YES;
				CLANG_WARN_SUSPICIOUS_MOVE = YES;
				CLANG_WARN_UNGUARDED_AVAILABILITY = YES_AGGRESSIVE;
				CLANG_WARN_UNREACHABLE_CODE = YES;
				CLANG_WARN__DUPLICATE_METHOD_MATCH = YES;
				COPY_PHASE_STRIP = NO;
				DEBUG_INFORMATION_FORMAT = dwarf;
				ENABLE_STRICT_OBJC_MSGSEND = YES;
				ENABLE_TESTABILITY = YES;
				ENABLE_USER_SCRIPT_SANDBOXING = YES;
				GCC_C_LANGUAGE_STANDARD = gnu17;
				GCC_DYNAMIC_NO_PIC = NO;
				GCC_NO_COMMON_BLOCKS = YES;
				GCC_OPTIMIZATION_LEVEL = 0;
				GCC_PREPROCESSOR_DEFINITIONS = (
					"DEBUG=1",
					"$(inherited)",
				);
				GCC_WARN_64_TO_32_BIT_CONVERSION = YES;
				GCC_WARN_ABOUT_RETURN_TYPE = YES_ERROR;
				GCC_WARN_UNDECLARED_SELECTOR = YES;
				GCC_WARN_UNINITIALIZED_AUTOS = YES_AGGRESSIVE;
				GCC_WARN_UNUSED_FUNCTION = YES;
				GCC_WARN_UNUSED_VARIABLE = YES;
				LOCALIZATION_PREFERS_STRING_CATALOGS = YES;
				MTL_ENABLE_DEBUG_INFO = INCLUDE_SOURCE;
				MTL_FAST_MATH = YES;
				ONLY_ACTIVE_ARCH = YES;
				SWIFT_ACTIVE_COMPILATION_CONDITIONS = "DEBUG $(inherited)";
				SWIFT_OPTIMIZATION_LEVEL = "-Onone";
			};
			name = Debug;
		};
		7C9941732B4827FF005EE3E3 /* Release */ = {
			isa = XCBuildConfiguration;
			buildSettings = {
				ALWAYS_SEARCH_USER_PATHS = NO;
				ASSETCATALOG_COMPILER_GENERATE_SWIFT_ASSET_SYMBOL_EXTENSIONS = YES;
				CLANG_ANALYZER_NONNULL = YES;
				CLANG_ANALYZER_NUMBER_OBJECT_CONVERSION = YES_AGGRESSIVE;
				CLANG_CXX_LANGUAGE_STANDARD = "gnu++20";
				CLANG_ENABLE_MODULES = YES;
				CLANG_ENABLE_OBJC_ARC = YES;
				CLANG_ENABLE_OBJC_WEAK = YES;
				CLANG_WARN_BLOCK_CAPTURE_AUTORELEASING = YES;
				CLANG_WARN_BOOL_CONVERSION = YES;
				CLANG_WARN_COMMA = YES;
				CLANG_WARN_CONSTANT_CONVERSION = YES;
				CLANG_WARN_DEPRECATED_OBJC_IMPLEMENTATIONS = YES;
				CLANG_WARN_DIRECT_OBJC_ISA_USAGE = YES_ERROR;
				CLANG_WARN_DOCUMENTATION_COMMENTS = YES;
				CLANG_WARN_EMPTY_BODY = YES;
				CLANG_WARN_ENUM_CONVERSION = YES;
				CLANG_WARN_INFINITE_RECURSION = YES;
				CLANG_WARN_INT_CONVERSION = YES;
				CLANG_WARN_NON_LITERAL_NULL_CONVERSION = YES;
				CLANG_WARN_OBJC_IMPLICIT_RETAIN_SELF = YES;
				CLANG_WARN_OBJC_LITERAL_CONVERSION = YES;
				CLANG_WARN_OBJC_ROOT_CLASS = YES_ERROR;
				CLANG_WARN_QUOTED_INCLUDE_IN_FRAMEWORK_HEADER = YES;
				CLANG_WARN_RANGE_LOOP_ANALYSIS = YES;
				CLANG_WARN_STRICT_PROTOTYPES = YES;
				CLANG_WARN_SUSPICIOUS_MOVE = YES;
				CLANG_WARN_UNGUARDED_AVAILABILITY = YES_AGGRESSIVE;
				CLANG_WARN_UNREACHABLE_CODE = YES;
				CLANG_WARN__DUPLICATE_METHOD_MATCH = YES;
				COPY_PHASE_STRIP = NO;
				DEBUG_INFORMATION_FORMAT = "dwarf-with-dsym";
				ENABLE_NS_ASSERTIONS = NO;
				ENABLE_STRICT_OBJC_MSGSEND = YES;
				ENABLE_USER_SCRIPT_SANDBOXING = YES;
				GCC_C_LANGUAGE_STANDARD = gnu17;
				GCC_NO_COMMON_BLOCKS = YES;
				GCC_WARN_64_TO_32_BIT_CONVERSION = YES;
				GCC_WARN_ABOUT_RETURN_TYPE = YES_ERROR;
				GCC_WARN_UNDECLARED_SELECTOR = YES;
				GCC_WARN_UNINITIALIZED_AUTOS = YES_AGGRESSIVE;
				GCC_WARN_UNUSED_FUNCTION = YES;
				GCC_WARN_UNUSED_VARIABLE = YES;
				LOCALIZATION_PREFERS_STRING_CATALOGS = YES;
				MTL_ENABLE_DEBUG_INFO = NO;
				MTL_FAST_MATH = YES;
				SWIFT_COMPILATION_MODE = wholemodule;
			};
			name = Release;
		};
		7C9941752B4827FF005EE3E3 /* Debug */ = {
			isa = XCBuildConfiguration;
			buildSettings = {
				ASSETCATALOG_COMPILER_APPICON_NAME = AppIcon;
				ASSETCATALOG_COMPILER_GLOBAL_ACCENT_COLOR_NAME = AccentColor;
				CODE_SIGN_STYLE = Automatic;
				CURRENT_PROJECT_VERSION = 1;
				DEVELOPMENT_ASSET_PATHS = "\"FlashscoreWatchApp Watch App/Preview Content\"";
				DEVELOPMENT_TEAM = R9AYPG35ES;
				ENABLE_PREVIEWS = YES;
				GENERATE_INFOPLIST_FILE = YES;
				INFOPLIST_KEY_CFBundleDisplayName = FlashscoreWatchApp;
				INFOPLIST_KEY_UISupportedInterfaceOrientations = "UIInterfaceOrientationPortrait UIInterfaceOrientationPortraitUpsideDown";
				INFOPLIST_KEY_WKCompanionAppBundleIdentifier = eu.livesport.FlashscoreWatchApp;
				INFOPLIST_KEY_WKRunsIndependentlyOfCompanionApp = YES;
				LD_RUNPATH_SEARCH_PATHS = (
					"$(inherited)",
					"@executable_path/Frameworks",
				);
				MARKETING_VERSION = 1.0;
				PRODUCT_BUNDLE_IDENTIFIER = eu.livesport.FlashscoreWatchApp.watchkitapp;
				PRODUCT_NAME = "$(TARGET_NAME)";
				SDKROOT = watchos;
				SKIP_INSTALL = YES;
				SWIFT_EMIT_LOC_STRINGS = YES;
				SWIFT_VERSION = 5.0;
				TARGETED_DEVICE_FAMILY = 4;
				WATCHOS_DEPLOYMENT_TARGET = 10.2;
			};
			name = Debug;
		};
		7C9941762B4827FF005EE3E3 /* Release */ = {
			isa = XCBuildConfiguration;
			buildSettings = {
				ASSETCATALOG_COMPILER_APPICON_NAME = AppIcon;
				ASSETCATALOG_COMPILER_GLOBAL_ACCENT_COLOR_NAME = AccentColor;
				CODE_SIGN_STYLE = Automatic;
				CURRENT_PROJECT_VERSION = 1;
				DEVELOPMENT_ASSET_PATHS = "\"FlashscoreWatchApp Watch App/Preview Content\"";
				DEVELOPMENT_TEAM = R9AYPG35ES;
				ENABLE_PREVIEWS = YES;
				GENERATE_INFOPLIST_FILE = YES;
				INFOPLIST_KEY_CFBundleDisplayName = FlashscoreWatchApp;
				INFOPLIST_KEY_UISupportedInterfaceOrientations = "UIInterfaceOrientationPortrait UIInterfaceOrientationPortraitUpsideDown";
				INFOPLIST_KEY_WKCompanionAppBundleIdentifier = eu.livesport.FlashscoreWatchApp;
				INFOPLIST_KEY_WKRunsIndependentlyOfCompanionApp = YES;
				LD_RUNPATH_SEARCH_PATHS = (
					"$(inherited)",
					"@executable_path/Frameworks",
				);
				MARKETING_VERSION = 1.0;
				PRODUCT_BUNDLE_IDENTIFIER = eu.livesport.FlashscoreWatchApp.watchkitapp;
				PRODUCT_NAME = "$(TARGET_NAME)";
				SDKROOT = watchos;
				SKIP_INSTALL = YES;
				SWIFT_EMIT_LOC_STRINGS = YES;
				SWIFT_VERSION = 5.0;
				TARGETED_DEVICE_FAMILY = 4;
				VALIDATE_PRODUCT = YES;
				WATCHOS_DEPLOYMENT_TARGET = 10.2;
			};
			name = Release;
		};
		7C9941792B4827FF005EE3E3 /* Debug */ = {
			isa = XCBuildConfiguration;
			buildSettings = {
				ALWAYS_EMBED_SWIFT_STANDARD_LIBRARIES = YES;
				ASSETCATALOG_COMPILER_APPICON_NAME = AppIcon;
				ASSETCATALOG_COMPILER_GLOBAL_ACCENT_COLOR_NAME = AccentColor;
				CODE_SIGN_STYLE = Automatic;
				CURRENT_PROJECT_VERSION = 1;
				DEVELOPMENT_ASSET_PATHS = "\"FlashscoreWatchApp/Preview Content\"";
				DEVELOPMENT_TEAM = R9AYPG35ES;
				ENABLE_PREVIEWS = YES;
				GENERATE_INFOPLIST_FILE = YES;
				INFOPLIST_KEY_CFBundleDisplayName = FlashscoreWatchApp;
				INFOPLIST_KEY_UIApplicationSceneManifest_Generation = YES;
				INFOPLIST_KEY_UIApplicationSupportsIndirectInputEvents = YES;
				INFOPLIST_KEY_UILaunchScreen_Generation = YES;
				INFOPLIST_KEY_UISupportedInterfaceOrientations_iPad = "UIInterfaceOrientationPortrait UIInterfaceOrientationPortraitUpsideDown UIInterfaceOrientationLandscapeLeft UIInterfaceOrientationLandscapeRight";
				INFOPLIST_KEY_UISupportedInterfaceOrientations_iPhone = "UIInterfaceOrientationPortrait UIInterfaceOrientationLandscapeLeft UIInterfaceOrientationLandscapeRight";
				IPHONEOS_DEPLOYMENT_TARGET = 17.2;
				LD_RUNPATH_SEARCH_PATHS = (
					"$(inherited)",
					"@executable_path/Frameworks",
				);
				MARKETING_VERSION = 1.0;
				PRODUCT_BUNDLE_IDENTIFIER = eu.livesport.FlashscoreWatchApp;
				PRODUCT_NAME = "$(TARGET_NAME)";
				SDKROOT = iphoneos;
				SWIFT_EMIT_LOC_STRINGS = YES;
				SWIFT_VERSION = 5.0;
				TARGETED_DEVICE_FAMILY = "1,2";
			};
			name = Debug;
		};
		7C99417A2B4827FF005EE3E3 /* Release */ = {
			isa = XCBuildConfiguration;
			buildSettings = {
				ALWAYS_EMBED_SWIFT_STANDARD_LIBRARIES = YES;
				ASSETCATALOG_COMPILER_APPICON_NAME = AppIcon;
				ASSETCATALOG_COMPILER_GLOBAL_ACCENT_COLOR_NAME = AccentColor;
				CODE_SIGN_STYLE = Automatic;
				CURRENT_PROJECT_VERSION = 1;
				DEVELOPMENT_ASSET_PATHS = "\"FlashscoreWatchApp/Preview Content\"";
				DEVELOPMENT_TEAM = R9AYPG35ES;
				ENABLE_PREVIEWS = YES;
				GENERATE_INFOPLIST_FILE = YES;
				INFOPLIST_KEY_CFBundleDisplayName = FlashscoreWatchApp;
				INFOPLIST_KEY_UIApplicationSceneManifest_Generation = YES;
				INFOPLIST_KEY_UIApplicationSupportsIndirectInputEvents = YES;
				INFOPLIST_KEY_UILaunchScreen_Generation = YES;
				INFOPLIST_KEY_UISupportedInterfaceOrientations_iPad = "UIInterfaceOrientationPortrait UIInterfaceOrientationPortraitUpsideDown UIInterfaceOrientationLandscapeLeft UIInterfaceOrientationLandscapeRight";
				INFOPLIST_KEY_UISupportedInterfaceOrientations_iPhone = "UIInterfaceOrientationPortrait UIInterfaceOrientationLandscapeLeft UIInterfaceOrientationLandscapeRight";
				IPHONEOS_DEPLOYMENT_TARGET = 17.2;
				LD_RUNPATH_SEARCH_PATHS = (
					"$(inherited)",
					"@executable_path/Frameworks",
				);
				MARKETING_VERSION = 1.0;
				PRODUCT_BUNDLE_IDENTIFIER = eu.livesport.FlashscoreWatchApp;
				PRODUCT_NAME = "$(TARGET_NAME)";
				SDKROOT = iphoneos;
				SWIFT_EMIT_LOC_STRINGS = YES;
				SWIFT_VERSION = 5.0;
				TARGETED_DEVICE_FAMILY = "1,2";
				VALIDATE_PRODUCT = YES;
			};
			name = Release;
		};
/* End XCBuildConfiguration section */

/* Begin XCConfigurationList section */
		7C99414F2B4827FD005EE3E3 /* Build configuration list for PBXProject "FlashscoreWatchApp" */ = {
			isa = XCConfigurationList;
			buildConfigurations = (
				7C9941722B4827FF005EE3E3 /* Debug */,
				7C9941732B4827FF005EE3E3 /* Release */,
			);
			defaultConfigurationIsVisible = 0;
			defaultConfigurationName = Release;
		};
		7C9941742B4827FF005EE3E3 /* Build configuration list for PBXNativeTarget "FlashscoreWatchApp Watch App" */ = {
			isa = XCConfigurationList;
			buildConfigurations = (
				7C9941752B4827FF005EE3E3 /* Debug */,
				7C9941762B4827FF005EE3E3 /* Release */,
			);
			defaultConfigurationIsVisible = 0;
			defaultConfigurationName = Release;
		};
		7C9941782B4827FF005EE3E3 /* Build configuration list for PBXNativeTarget "FlashscoreWatchApp" */ = {
			isa = XCConfigurationList;
			buildConfigurations = (
				7C9941792B4827FF005EE3E3 /* Debug */,
				7C99417A2B4827FF005EE3E3 /* Release */,
			);
			defaultConfigurationIsVisible = 0;
			defaultConfigurationName = Release;
		};
/* End XCConfigurationList section */
	};
	rootObject = 7C99414C2B4827FD005EE3E3 /* Project object */;
}
